
Microsoft Visual Studio Solution File, Format Version 12.00
# Visual Studio 2015
Project("{FAE04EC0-301F-11D3-BF4B-00C04F79EFBC}") = "FuzzyLogic.CSharp", "FuzzyLogic.CSharp.csproj", "{F71B8512-8B28-18D2-F902-AA9F42A6A361}"
EndProject
Global
	GlobalSection(SolutionConfigurationPlatforms) = preSolution
		Debug|Any CPU = Debug|Any CPU
		Release|Any CPU = Release|Any CPU
	EndGlobalSection
	GlobalSection(ProjectConfigurationPlatforms) = postSolution
		{F71B8512-8B28-18D2-F902-AA9F42A6A361}.Debug|Any CPU.ActiveCfg = Debug|Any CPU
		{F71B8512-8B28-18D2-F902-AA9F42A6A361}.Debug|Any CPU.Build.0 = Debug|Any CPU
		{F71B8512-8B28-18D2-F902-AA9F42A6A361}.Release|Any CPU.ActiveCfg = Release|Any CPU
		{F71B8512-8B28-18D2-F902-AA9F42A6A361}.Release|Any CPU.Build.0 = Release|Any CPU
	EndGlobalSection
	GlobalSection(SolutionProperties) = preSolution
		HideSolutionNode = FALSE
	EndGlobalSection
EndGlobal
